// !$*UTF8*$!
{
	archiveVersion = 1;
	classes = {
	};
	objectVersion = 50;
	objects = {

/* Begin PBXBuildFile section */
		FD6F352422B8C46F00C4720D /* DashboardViewController.swift in Sources */ = {isa = PBXBuildFile; fileRef = FD6F352322B8C46F00C4720D /* DashboardViewController.swift */; };
		FD6F352622B8C55B00C4720D /* TopCollectionViewCell.swift in Sources */ = {isa = PBXBuildFile; fileRef = FD6F352522B8C55A00C4720D /* TopCollectionViewCell.swift */; };
		FD6F352822B8CBCD00C4720D /* Poppins-Light.ttf in Resources */ = {isa = PBXBuildFile; fileRef = FD6F352722B8CBC300C4720D /* Poppins-Light.ttf */; };
		FD6F352A22B8DDDF00C4720D /* MiddleCollectionViewCell.swift in Sources */ = {isa = PBXBuildFile; fileRef = FD6F352922B8DDDF00C4720D /* MiddleCollectionViewCell.swift */; };
		FD6F352C22B92B5600C4720D /* UIViewCustom.swift in Sources */ = {isa = PBXBuildFile; fileRef = FD6F352B22B92B5600C4720D /* UIViewCustom.swift */; };
		FD6F352E22B92C0500C4720D /* Poppins-SemiBold.ttf in Resources */ = {isa = PBXBuildFile; fileRef = FD6F352D22B92BF900C4720D /* Poppins-SemiBold.ttf */; };
		FD6F353022B92EC200C4720D /* BottomTableViewCell.swift in Sources */ = {isa = PBXBuildFile; fileRef = FD6F352F22B92EC200C4720D /* BottomTableViewCell.swift */; };
		FDCDCE6522B5BA3F0084A5E5 /* AppDelegate.swift in Sources */ = {isa = PBXBuildFile; fileRef = FDCDCE6422B5BA3F0084A5E5 /* AppDelegate.swift */; };
		FDCDCE6722B5BA3F0084A5E5 /* RegisterViewController.swift in Sources */ = {isa = PBXBuildFile; fileRef = FDCDCE6622B5BA3F0084A5E5 /* RegisterViewController.swift */; };
		FDCDCE6A22B5BA3F0084A5E5 /* Main.storyboard in Resources */ = {isa = PBXBuildFile; fileRef = FDCDCE6822B5BA3F0084A5E5 /* Main.storyboard */; };
		FDCDCE6C22B5BA410084A5E5 /* Assets.xcassets in Resources */ = {isa = PBXBuildFile; fileRef = FDCDCE6B22B5BA410084A5E5 /* Assets.xcassets */; };
		FDCDCE6F22B5BA410084A5E5 /* LaunchScreen.storyboard in Resources */ = {isa = PBXBuildFile; fileRef = FDCDCE6D22B5BA410084A5E5 /* LaunchScreen.storyboard */; };
		FDCDCE7822B823460084A5E5 /* Poppins-Bold.ttf in Resources */ = {isa = PBXBuildFile; fileRef = FDCDCE7622B823220084A5E5 /* Poppins-Bold.ttf */; };
		FDCDCE7922B8234A0084A5E5 /* Poppins-Regular.ttf in Resources */ = {isa = PBXBuildFile; fileRef = FDCDCE7722B823220084A5E5 /* Poppins-Regular.ttf */; };
		FDCDCE7B22B826A00084A5E5 /* UIButtonCustom.swift in Sources */ = {isa = PBXBuildFile; fileRef = FDCDCE7A22B826A00084A5E5 /* UIButtonCustom.swift */; };
		FDCDCE7D22B82A3C0084A5E5 /* UITextFieldCustom.swift in Sources */ = {isa = PBXBuildFile; fileRef = FDCDCE7C22B82A3C0084A5E5 /* UITextFieldCustom.swift */; };
		FDCDCE8122B830F20084A5E5 /* UILabelCustom.swift in Sources */ = {isa = PBXBuildFile; fileRef = FDCDCE8022B830F20084A5E5 /* UILabelCustom.swift */; };
/* End PBXBuildFile section */

/* Begin PBXFileReference section */
		FD6F352322B8C46F00C4720D /* DashboardViewController.swift */ = {isa = PBXFileReference; fileEncoding = 4; lastKnownFileType = sourcecode.swift; path = DashboardViewController.swift; sourceTree = "<group>"; };
		FD6F352522B8C55A00C4720D /* TopCollectionViewCell.swift */ = {isa = PBXFileReference; lastKnownFileType = sourcecode.swift; path = TopCollectionViewCell.swift; sourceTree = "<group>"; };
		FD6F352722B8CBC300C4720D /* Poppins-Light.ttf */ = {isa = PBXFileReference; lastKnownFileType = file; path = "Poppins-Light.ttf"; sourceTree = "<group>"; };
		FD6F352922B8DDDF00C4720D /* MiddleCollectionViewCell.swift */ = {isa = PBXFileReference; lastKnownFileType = sourcecode.swift; path = MiddleCollectionViewCell.swift; sourceTree = "<group>"; };
		FD6F352B22B92B5600C4720D /* UIViewCustom.swift */ = {isa = PBXFileReference; lastKnownFileType = sourcecode.swift; path = UIViewCustom.swift; sourceTree = "<group>"; };
		FD6F352D22B92BF900C4720D /* Poppins-SemiBold.ttf */ = {isa = PBXFileReference; lastKnownFileType = file; path = "Poppins-SemiBold.ttf"; sourceTree = "<group>"; };
		FD6F352F22B92EC200C4720D /* BottomTableViewCell.swift */ = {isa = PBXFileReference; lastKnownFileType = sourcecode.swift; path = BottomTableViewCell.swift; sourceTree = "<group>"; };
		FDCDCE6122B5BA3F0084A5E5 /* LayoutTest.app */ = {isa = PBXFileReference; explicitFileType = wrapper.application; includeInIndex = 0; path = LayoutTest.app; sourceTree = BUILT_PRODUCTS_DIR; };
		FDCDCE6422B5BA3F0084A5E5 /* AppDelegate.swift */ = {isa = PBXFileReference; lastKnownFileType = sourcecode.swift; path = AppDelegate.swift; sourceTree = "<group>"; };
		FDCDCE6622B5BA3F0084A5E5 /* RegisterViewController.swift */ = {isa = PBXFileReference; lastKnownFileType = sourcecode.swift; path = RegisterViewController.swift; sourceTree = "<group>"; };
		FDCDCE6922B5BA3F0084A5E5 /* Base */ = {isa = PBXFileReference; lastKnownFileType = file.storyboard; name = Base; path = Base.lproj/Main.storyboard; sourceTree = "<group>"; };
		FDCDCE6B22B5BA410084A5E5 /* Assets.xcassets */ = {isa = PBXFileReference; lastKnownFileType = folder.assetcatalog; path = Assets.xcassets; sourceTree = "<group>"; };
		FDCDCE6E22B5BA410084A5E5 /* Base */ = {isa = PBXFileReference; lastKnownFileType = file.storyboard; name = Base; path = Base.lproj/LaunchScreen.storyboard; sourceTree = "<group>"; };
		FDCDCE7022B5BA410084A5E5 /* Info.plist */ = {isa = PBXFileReference; lastKnownFileType = text.plist.xml; path = Info.plist; sourceTree = "<group>"; };
		FDCDCE7622B823220084A5E5 /* Poppins-Bold.ttf */ = {isa = PBXFileReference; lastKnownFileType = file; path = "Poppins-Bold.ttf"; sourceTree = "<group>"; };
		FDCDCE7722B823220084A5E5 /* Poppins-Regular.ttf */ = {isa = PBXFileReference; lastKnownFileType = file; path = "Poppins-Regular.ttf"; sourceTree = "<group>"; };
		FDCDCE7A22B826A00084A5E5 /* UIButtonCustom.swift */ = {isa = PBXFileReference; lastKnownFileType = sourcecode.swift; path = UIButtonCustom.swift; sourceTree = "<group>"; };
		FDCDCE7C22B82A3C0084A5E5 /* UITextFieldCustom.swift */ = {isa = PBXFileReference; lastKnownFileType = sourcecode.swift; path = UITextFieldCustom.swift; sourceTree = "<group>"; };
		FDCDCE8022B830F20084A5E5 /* UILabelCustom.swift */ = {isa = PBXFileReference; lastKnownFileType = sourcecode.swift; path = UILabelCustom.swift; sourceTree = "<group>"; };
/* End PBXFileReference section */

/* Begin PBXFrameworksBuildPhase section */
		FDCDCE5E22B5BA3F0084A5E5 /* Frameworks */ = {
			isa = PBXFrameworksBuildPhase;
			buildActionMask = 2147483647;
			files = (
			);
			runOnlyForDeploymentPostprocessing = 0;
		};
/* End PBXFrameworksBuildPhase section */

/* Begin PBXGroup section */
		FD23184D22C559B0000CA2BC /* CustomView */ = {
			isa = PBXGroup;
			children = (
				FDCDCE7A22B826A00084A5E5 /* UIButtonCustom.swift */,
				FD6F352B22B92B5600C4720D /* UIViewCustom.swift */,
				FDCDCE8022B830F20084A5E5 /* UILabelCustom.swift */,
				FDCDCE7C22B82A3C0084A5E5 /* UITextFieldCustom.swift */,
			);
			path = CustomView;
			sourceTree = "<group>";
		};
		FD23184E22C559D1000CA2BC /* ViewControllers */ = {
			isa = PBXGroup;
			children = (
				FDCDCE6622B5BA3F0084A5E5 /* RegisterViewController.swift */,
				FD6F352322B8C46F00C4720D /* DashboardViewController.swift */,
				FD23184F22C559EB000CA2BC /* Cells */,
			);
			path = ViewControllers;
			sourceTree = "<group>";
		};
		FD23184F22C559EB000CA2BC /* Cells */ = {
			isa = PBXGroup;
			children = (
				FD6F352522B8C55A00C4720D /* TopCollectionViewCell.swift */,
				FD6F352F22B92EC200C4720D /* BottomTableViewCell.swift */,
				FD6F352922B8DDDF00C4720D /* MiddleCollectionViewCell.swift */,
			);
			path = Cells;
			sourceTree = "<group>";
		};
		FD23185022C559FD000CA2BC /* Fonts */ = {
			isa = PBXGroup;
			children = (
				FDCDCE7622B823220084A5E5 /* Poppins-Bold.ttf */,
				FDCDCE7722B823220084A5E5 /* Poppins-Regular.ttf */,
				FD6F352722B8CBC300C4720D /* Poppins-Light.ttf */,
				FD6F352D22B92BF900C4720D /* Poppins-SemiBold.ttf */,
			);
			path = Fonts;
			sourceTree = "<group>";
		};
		FDCDCE5822B5BA3F0084A5E5 = {
			isa = PBXGroup;
			children = (
				FDCDCE6322B5BA3F0084A5E5 /* LayoutTest */,
				FDCDCE6222B5BA3F0084A5E5 /* Products */,
			);
			sourceTree = "<group>";
		};
		FDCDCE6222B5BA3F0084A5E5 /* Products */ = {
			isa = PBXGroup;
			children = (
				FDCDCE6122B5BA3F0084A5E5 /* LayoutTest.app */,
			);
			name = Products;
			sourceTree = "<group>";
		};
		FDCDCE6322B5BA3F0084A5E5 /* LayoutTest */ = {
			isa = PBXGroup;
			children = (
				FDCDCE6D22B5BA410084A5E5 /* LaunchScreen.storyboard */,
				FDCDCE6422B5BA3F0084A5E5 /* AppDelegate.swift */,
				FDCDCE6822B5BA3F0084A5E5 /* Main.storyboard */,
				FD23184E22C559D1000CA2BC /* ViewControllers */,
				FD23184D22C559B0000CA2BC /* CustomView */,
				FDCDCE6B22B5BA410084A5E5 /* Assets.xcassets */,
				FDCDCE7022B5BA410084A5E5 /* Info.plist */,
				FD23185022C559FD000CA2BC /* Fonts */,
			);
			path = LayoutTest;
			sourceTree = "<group>";
		};
/* End PBXGroup section */

/* Begin PBXNativeTarget section */
		FDCDCE6022B5BA3F0084A5E5 /* LayoutTest */ = {
			isa = PBXNativeTarget;
			buildConfigurationList = FDCDCE7322B5BA410084A5E5 /* Build configuration list for PBXNativeTarget "LayoutTest" */;
			buildPhases = (
				FDCDCE5D22B5BA3F0084A5E5 /* Sources */,
				FDCDCE5E22B5BA3F0084A5E5 /* Frameworks */,
				FDCDCE5F22B5BA3F0084A5E5 /* Resources */,
			);
			buildRules = (
			);
			dependencies = (
			);
			name = LayoutTest;
			productName = LayoutTest;
			productReference = FDCDCE6122B5BA3F0084A5E5 /* LayoutTest.app */;
			productType = "com.apple.product-type.application";
		};
/* End PBXNativeTarget section */

/* Begin PBXProject section */
		FDCDCE5922B5BA3F0084A5E5 /* Project object */ = {
			isa = PBXProject;
			attributes = {
				LastSwiftUpdateCheck = 1020;
				LastUpgradeCheck = 1020;
				ORGANIZATIONNAME = a.kryvchykov;
				TargetAttributes = {
					FDCDCE6022B5BA3F0084A5E5 = {
						CreatedOnToolsVersion = 10.2.1;
					};
				};
			};
			buildConfigurationList = FDCDCE5C22B5BA3F0084A5E5 /* Build configuration list for PBXProject "LayoutTest" */;
			compatibilityVersion = "Xcode 9.3";
			developmentRegion = en;
			hasScannedForEncodings = 0;
			knownRegions = (
				en,
				Base,
			);
			mainGroup = FDCDCE5822B5BA3F0084A5E5;
			productRefGroup = FDCDCE6222B5BA3F0084A5E5 /* Products */;
			projectDirPath = "";
			projectRoot = "";
			targets = (
				FDCDCE6022B5BA3F0084A5E5 /* LayoutTest */,
			);
		};
/* End PBXProject section */

/* Begin PBXResourcesBuildPhase section */
		FDCDCE5F22B5BA3F0084A5E5 /* Resources */ = {
			isa = PBXResourcesBuildPhase;
			buildActionMask = 2147483647;
			files = (
				FD6F352E22B92C0500C4720D /* Poppins-SemiBold.ttf in Resources */,
				FD6F352822B8CBCD00C4720D /* Poppins-Light.ttf in Resources */,
				FDCDCE7922B8234A0084A5E5 /* Poppins-Regular.ttf in Resources */,
				FDCDCE7822B823460084A5E5 /* Poppins-Bold.ttf in Resources */,
				FDCDCE6F22B5BA410084A5E5 /* LaunchScreen.storyboard in Resources */,
				FDCDCE6C22B5BA410084A5E5 /* Assets.xcassets in Resources */,
				FDCDCE6A22B5BA3F0084A5E5 /* Main.storyboard in Resources */,
			);
			runOnlyForDeploymentPostprocessing = 0;
		};
/* End PBXResourcesBuildPhase section */

/* Begin PBXSourcesBuildPhase section */
		FDCDCE5D22B5BA3F0084A5E5 /* Sources */ = {
			isa = PBXSourcesBuildPhase;
			buildActionMask = 2147483647;
			files = (
				FD6F352622B8C55B00C4720D /* TopCollectionViewCell.swift in Sources */,
				FDCDCE8122B830F20084A5E5 /* UILabelCustom.swift in Sources */,
				FD6F352422B8C46F00C4720D /* DashboardViewController.swift in Sources */,
				FDCDCE6722B5BA3F0084A5E5 /* RegisterViewController.swift in Sources */,
				FDCDCE6522B5BA3F0084A5E5 /* AppDelegate.swift in Sources */,
				FD6F352A22B8DDDF00C4720D /* MiddleCollectionViewCell.swift in Sources */,
				FD6F352C22B92B5600C4720D /* UIViewCustom.swift in Sources */,
				FDCDCE7B22B826A00084A5E5 /* UIButtonCustom.swift in Sources */,
				FD6F353022B92EC200C4720D /* BottomTableViewCell.swift in Sources */,
				FDCDCE7D22B82A3C0084A5E5 /* UITextFieldCustom.swift in Sources */,
			);
			runOnlyForDeploymentPostprocessing = 0;
		};
/* End PBXSourcesBuildPhase section */

/* Begin PBXVariantGroup section */
		FDCDCE6822B5BA3F0084A5E5 /* Main.storyboard */ = {
			isa = PBXVariantGroup;
			children = (
				FDCDCE6922B5BA3F0084A5E5 /* Base */,
			);
			name = Main.storyboard;
			sourceTree = "<group>";
		};
		FDCDCE6D22B5BA410084A5E5 /* LaunchScreen.storyboard */ = {
			isa = PBXVariantGroup;
			children = (
				FDCDCE6E22B5BA410084A5E5 /* Base */,
			);
			name = LaunchScreen.storyboard;
			sourceTree = "<group>";
		};
/* End PBXVariantGroup section */

/* Begin XCBuildConfiguration section */
		FDCDCE7122B5BA410084A5E5 /* Debug */ = {
			isa = XCBuildConfiguration;
			buildSettings = {
				ALWAYS_SEARCH_USER_PATHS = NO;
				CLANG_ANALYZER_NONNULL = YES;
				CLANG_ANALYZER_NUMBER_OBJECT_CONVERSION = YES_AGGRESSIVE;
				CLANG_CXX_LANGUAGE_STANDARD = "gnu++14";
				CLANG_CXX_LIBRARY = "libc++";
				CLANG_ENABLE_MODULES = YES;
				CLANG_ENABLE_OBJC_ARC = YES;
				CLANG_ENABLE_OBJC_WEAK = YES;
				CLANG_WARN_BLOCK_CAPTURE_AUTORELEASING = YES;
				CLANG_WARN_BOOL_CONVERSION = YES;
				CLANG_WARN_COMMA = YES;
				CLANG_WARN_CONSTANT_CONVERSION = YES;
				CLANG_WARN_DEPRECATED_OBJC_IMPLEMENTATIONS = YES;
				CLANG_WARN_DIRECT_OBJC_ISA_USAGE = YES_ERROR;
				CLANG_WARN_DOCUMENTATION_COMMENTS = YES;
				CLANG_WARN_EMPTY_BODY = YES;
				CLANG_WARN_ENUM_CONVERSION = YES;
				CLANG_WARN_INFINITE_RECURSION = YES;
				CLANG_WARN_INT_CONVERSION = YES;
				CLANG_WARN_NON_LITERAL_NULL_CONVERSION = YES;
				CLANG_WARN_OBJC_IMPLICIT_RETAIN_SELF = YES;
				CLANG_WARN_OBJC_LITERAL_CONVERSION = YES;
				CLANG_WARN_OBJC_ROOT_CLASS = YES_ERROR;
				CLANG_WARN_RANGE_LOOP_ANALYSIS = YES;
				CLANG_WARN_STRICT_PROTOTYPES = YES;
				CLANG_WARN_SUSPICIOUS_MOVE = YES;
				CLANG_WARN_UNGUARDED_AVAILABILITY = YES_AGGRESSIVE;
				CLANG_WARN_UNREACHABLE_CODE = YES;
				CLANG_WARN__DUPLICATE_METHOD_MATCH = YES;
				CODE_SIGN_IDENTITY = "iPhone Developer";
				COPY_PHASE_STRIP = NO;
				DEBUG_INFORMATION_FORMAT = dwarf;
				ENABLE_STRICT_OBJC_MSGSEND = YES;
				ENABLE_TESTABILITY = YES;
				GCC_C_LANGUAGE_STANDARD = gnu11;
				GCC_DYNAMIC_NO_PIC = NO;
				GCC_NO_COMMON_BLOCKS = YES;
				GCC_OPTIMIZATION_LEVEL = 0;
				GCC_PREPROCESSOR_DEFINITIONS = (
					"DEBUG=1",
					"$(inherited)",
				);
				GCC_WARN_64_TO_32_BIT_CONVERSION = YES;
				GCC_WARN_ABOUT_RETURN_TYPE = YES_ERROR;
				GCC_WARN_UNDECLARED_SELECTOR = YES;
				GCC_WARN_UNINITIALIZED_AUTOS = YES_AGGRESSIVE;
				GCC_WARN_UNUSED_FUNCTION = YES;
				GCC_WARN_UNUSED_VARIABLE = YES;
				IPHONEOS_DEPLOYMENT_TARGET = 12.2;
				MTL_ENABLE_DEBUG_INFO = INCLUDE_SOURCE;
				MTL_FAST_MATH = YES;
				ONLY_ACTIVE_ARCH = YES;
				SDKROOT = iphoneos;
				SWIFT_ACTIVE_COMPILATION_CONDITIONS = DEBUG;
				SWIFT_OPTIMIZATION_LEVEL = "-Onone";
			};
			name = Debug;
		};
		FDCDCE7222B5BA410084A5E5 /* Release */ = {
			isa = XCBuildConfiguration;
			buildSettings = {
				ALWAYS_SEARCH_USER_PATHS = NO;
				CLANG_ANALYZER_NONNULL = YES;
				CLANG_ANALYZER_NUMBER_OBJECT_CONVERSION = YES_AGGRESSIVE;
				CLANG_CXX_LANGUAGE_STANDARD = "gnu++14";
				CLANG_CXX_LIBRARY = "libc++";
				CLANG_ENABLE_MODULES = YES;
				CLANG_ENABLE_OBJC_ARC = YES;
				CLANG_ENABLE_OBJC_WEAK = YES;
				CLANG_WARN_BLOCK_CAPTURE_AUTORELEASING = YES;
				CLANG_WARN_BOOL_CONVERSION = YES;
				CLANG_WARN_COMMA = YES;
				CLANG_WARN_CONSTANT_CONVERSION = YES;
				CLANG_WARN_DEPRECATED_OBJC_IMPLEMENTATIONS = YES;
				CLANG_WARN_DIRECT_OBJC_ISA_USAGE = YES_ERROR;
				CLANG_WARN_DOCUMENTATION_COMMENTS = YES;
				CLANG_WARN_EMPTY_BODY = YES;
				CLANG_WARN_ENUM_CONVERSION = YES;
				CLANG_WARN_INFINITE_RECURSION = YES;
				CLANG_WARN_INT_CONVERSION = YES;
				CLANG_WARN_NON_LITERAL_NULL_CONVERSION = YES;
				CLANG_WARN_OBJC_IMPLICIT_RETAIN_SELF = YES;
				CLANG_WARN_OBJC_LITERAL_CONVERSION = YES;
				CLANG_WARN_OBJC_ROOT_CLASS = YES_ERROR;
				CLANG_WARN_RANGE_LOOP_ANALYSIS = YES;
				CLANG_WARN_STRICT_PROTOTYPES = YES;
				CLANG_WARN_SUSPICIOUS_MOVE = YES;
				CLANG_WARN_UNGUARDED_AVAILABILITY = YES_AGGRESSIVE;
				CLANG_WARN_UNREACHABLE_CODE = YES;
				CLANG_WARN__DUPLICATE_METHOD_MATCH = YES;
				CODE_SIGN_IDENTITY = "iPhone Developer";
				COPY_PHASE_STRIP = NO;
				DEBUG_INFORMATION_FORMAT = "dwarf-with-dsym";
				ENABLE_NS_ASSERTIONS = NO;
				ENABLE_STRICT_OBJC_MSGSEND = YES;
				GCC_C_LANGUAGE_STANDARD = gnu11;
				GCC_NO_COMMON_BLOCKS = YES;
				GCC_WARN_64_TO_32_BIT_CONVERSION = YES;
				GCC_WARN_ABOUT_RETURN_TYPE = YES_ERROR;
				GCC_WARN_UNDECLARED_SELECTOR = YES;
				GCC_WARN_UNINITIALIZED_AUTOS = YES_AGGRESSIVE;
				GCC_WARN_UNUSED_FUNCTION = YES;
				GCC_WARN_UNUSED_VARIABLE = YES;
				IPHONEOS_DEPLOYMENT_TARGET = 12.2;
				MTL_ENABLE_DEBUG_INFO = NO;
				MTL_FAST_MATH = YES;
				SDKROOT = iphoneos;
				SWIFT_COMPILATION_MODE = wholemodule;
				SWIFT_OPTIMIZATION_LEVEL = "-O";
				VALIDATE_PRODUCT = YES;
			};
			name = Release;
		};
		FDCDCE7422B5BA410084A5E5 /* Debug */ = {
			isa = XCBuildConfiguration;
			buildSettings = {
				ASSETCATALOG_COMPILER_APPICON_NAME = AppIcon;
				CODE_SIGN_STYLE = Automatic;
				DEVELOPMENT_TEAM = B6N47R8A8L;
				INFOPLIST_FILE = LayoutTest/Info.plist;
				LD_RUNPATH_SEARCH_PATHS = (
					"$(inherited)",
					"@executable_path/Frameworks",
				);
				PRODUCT_BUNDLE_IDENTIFIER = a.kryvchykov.LayoutTest;
				PRODUCT_NAME = "$(TARGET_NAME)";
				SWIFT_VERSION = 5.0;
				TARGETED_DEVICE_FAMILY = "1,2";
			};
			name = Debug;
		};
		FDCDCE7522B5BA410084A5E5 /* Release */ = {
			isa = XCBuildConfiguration;
			buildSettings = {
				ASSETCATALOG_COMPILER_APPICON_NAME = AppIcon;
				CODE_SIGN_STYLE = Automatic;
				DEVELOPMENT_TEAM = B6N47R8A8L;
				INFOPLIST_FILE = LayoutTest/Info.plist;
				LD_RUNPATH_SEARCH_PATHS = (
					"$(inherited)",
					"@executable_path/Frameworks",
				);
				PRODUCT_BUNDLE_IDENTIFIER = a.kryvchykov.LayoutTest;
				PRODUCT_NAME = "$(TARGET_NAME)";
				SWIFT_VERSION = 5.0;
				TARGETED_DEVICE_FAMILY = "1,2";
			};
			name = Release;
		};
/* End XCBuildConfiguration section */

/* Begin XCConfigurationList section */
		FDCDCE5C22B5BA3F0084A5E5 /* Build configuration list for PBXProject "LayoutTest" */ = {
			isa = XCConfigurationList;
			buildConfigurations = (
				FDCDCE7122B5BA410084A5E5 /* Debug */,
				FDCDCE7222B5BA410084A5E5 /* Release */,
			);
			defaultConfigurationIsVisible = 0;
			defaultConfigurationName = Release;
		};
		FDCDCE7322B5BA410084A5E5 /* Build configuration list for PBXNativeTarget "LayoutTest" */ = {
			isa = XCConfigurationList;
			buildConfigurations = (
				FDCDCE7422B5BA410084A5E5 /* Debug */,
				FDCDCE7522B5BA410084A5E5 /* Release */,
			);
			defaultConfigurationIsVisible = 0;
			defaultConfigurationName = Release;
		};
/* End XCConfigurationList section */
	};
	rootObject = FDCDCE5922B5BA3F0084A5E5 /* Project object */;
}
